
Microsoft Visual Studio Solution File, Format Version 12.00
# Visual Studio Version 16
VisualStudioVersion = 16.0.31025.194
MinimumVisualStudioVersion = 10.0.40219.1
Project("{FAE04EC0-301F-11D3-BF4B-00C04F79EFBC}") = "ExampleDelegate", "ExampleDelegate\ExampleDelegate.csproj", "{A930C7B3-5FDB-4DD8-B77E-A00DCD83B7C7}"
EndProject
Global
	GlobalSection(SolutionConfigurationPlatforms) = preSolution
		Debug|Any CPU = Debug|Any CPU
		Release|Any CPU = Release|Any CPU
	EndGlobalSection
	GlobalSection(ProjectConfigurationPlatforms) = postSolution
		{A930C7B3-5FDB-4DD8-B77E-A00DCD83B7C7}.Debug|Any CPU.ActiveCfg = Debug|Any CPU
		{A930C7B3-5FDB-4DD8-B77E-A00DCD83B7C7}.Debug|Any CPU.Build.0 = Debug|Any CPU
		{A930C7B3-5FDB-4DD8-B77E-A00DCD83B7C7}.Release|Any CPU.ActiveCfg = Release|Any CPU
		{A930C7B3-5FDB-4DD8-B77E-A00DCD83B7C7}.Release|Any CPU.Build.0 = Release|Any CPU
	EndGlobalSection
	GlobalSection(SolutionProperties) = preSolution
		HideSolutionNode = FALSE
	EndGlobalSection
	GlobalSection(ExtensibilityGlobals) = postSolution
		SolutionGuid = {51BA6040-E053-497C-93FE-4913B1FAC6FE}
	EndGlobalSection
EndGlobal
